
Microsoft Visual Studio Solution File, Format Version 12.00
# Visual Studio 2013
VisualStudioVersion = 12.0.30723.0
MinimumVisualStudioVersion = 10.0.40219.1
Project("{FAE04EC0-301F-11D3-BF4B-00C04F79EFBC}") = "CorsairLinkPlusPlus.CLI", "CorsairLinkPlusPlus.CLI\CorsairLinkPlusPlus.CLI.csproj", "{462BC3F6-1189-4106-ABFD-01E817DEC544}"
EndProject
Project("{FAE04EC0-301F-11D3-BF4B-00C04F79EFBC}") = "CorsairLinkPlusPlus.Common", "CorsairLinkPlusPlus.Common\CorsairLinkPlusPlus.Common.csproj", "{367B36E3-FE8A-4673-A5D7-AE03DA33CCE7}"
EndProject
Project("{FAE04EC0-301F-11D3-BF4B-00C04F79EFBC}") = "CorsairLinkPlusPlus.Driver.CorsairLink", "CorsairLinkPlusPlus.Driver.CorsairLink\CorsairLinkPlusPlus.Driver.CorsairLink.csproj", "{32629BC9-7F51-45D7-B756-379E626A5180}"
EndProject
Project("{FAE04EC0-301F-11D3-BF4B-00C04F79EFBC}") = "CorsairLinkPlusPlus.RESTAPI", "CorsairLinkPlusPlus.RESTAPI\CorsairLinkPlusPlus.RESTAPI.csproj", "{F659D845-36C0-4CB0-9F57-4D84C55A261F}"
EndProject
Project("{2150E333-8FDC-42A3-9474-1A3956D46DE8}") = ".nuget", ".nuget", "{CEEF5111-5E5E-435C-9CBE-216A53DFC4AD}"
	ProjectSection(SolutionItems) = preProject
		.nuget\packages.config = .nuget\packages.config
	EndProjectSection
EndProject
Project("{FAE04EC0-301F-11D3-BF4B-00C04F79EFBC}") = "CorsairLinkPlusPlus.WebView", "CorsairLinkPlusPlus.WebView\CorsairLinkPlusPlus.WebView.csproj", "{CF1B6833-04FA-4C3E-BBC1-B131AD48B17D}"
EndProject
Global
	GlobalSection(SolutionConfigurationPlatforms) = preSolution
		Debug NoWeb|Any CPU = Debug NoWeb|Any CPU
		Debug|Any CPU = Debug|Any CPU
		Release NoWeb|Any CPU = Release NoWeb|Any CPU
		Release|Any CPU = Release|Any CPU
	EndGlobalSection
	GlobalSection(ProjectConfigurationPlatforms) = postSolution
		{462BC3F6-1189-4106-ABFD-01E817DEC544}.Debug NoWeb|Any CPU.ActiveCfg = Debug|Any CPU
		{462BC3F6-1189-4106-ABFD-01E817DEC544}.Debug NoWeb|Any CPU.Build.0 = Debug|Any CPU
		{462BC3F6-1189-4106-ABFD-01E817DEC544}.Debug|Any CPU.ActiveCfg = Debug|Any CPU
		{462BC3F6-1189-4106-ABFD-01E817DEC544}.Debug|Any CPU.Build.0 = Debug|Any CPU
		{462BC3F6-1189-4106-ABFD-01E817DEC544}.Release NoWeb|Any CPU.ActiveCfg = Release|Any CPU
		{462BC3F6-1189-4106-ABFD-01E817DEC544}.Release NoWeb|Any CPU.Build.0 = Release|Any CPU
		{462BC3F6-1189-4106-ABFD-01E817DEC544}.Release|Any CPU.ActiveCfg = Release|Any CPU
		{462BC3F6-1189-4106-ABFD-01E817DEC544}.Release|Any CPU.Build.0 = Release|Any CPU
		{367B36E3-FE8A-4673-A5D7-AE03DA33CCE7}.Debug NoWeb|Any CPU.ActiveCfg = Debug|Any CPU
		{367B36E3-FE8A-4673-A5D7-AE03DA33CCE7}.Debug NoWeb|Any CPU.Build.0 = Debug|Any CPU
		{367B36E3-FE8A-4673-A5D7-AE03DA33CCE7}.Debug|Any CPU.ActiveCfg = Debug|Any CPU
		{367B36E3-FE8A-4673-A5D7-AE03DA33CCE7}.Debug|Any CPU.Build.0 = Debug|Any CPU
		{367B36E3-FE8A-4673-A5D7-AE03DA33CCE7}.Release NoWeb|Any CPU.ActiveCfg = Release|Any CPU
		{367B36E3-FE8A-4673-A5D7-AE03DA33CCE7}.Release NoWeb|Any CPU.Build.0 = Release|Any CPU
		{367B36E3-FE8A-4673-A5D7-AE03DA33CCE7}.Release|Any CPU.ActiveCfg = Release|Any CPU
		{367B36E3-FE8A-4673-A5D7-AE03DA33CCE7}.Release|Any CPU.Build.0 = Release|Any CPU
		{32629BC9-7F51-45D7-B756-379E626A5180}.Debug NoWeb|Any CPU.ActiveCfg = Debug|Any CPU
		{32629BC9-7F51-45D7-B756-379E626A5180}.Debug NoWeb|Any CPU.Build.0 = Debug|Any CPU
		{32629BC9-7F51-45D7-B756-379E626A5180}.Debug|Any CPU.ActiveCfg = Debug|Any CPU
		{32629BC9-7F51-45D7-B756-379E626A5180}.Debug|Any CPU.Build.0 = Debug|Any CPU
		{32629BC9-7F51-45D7-B756-379E626A5180}.Release NoWeb|Any CPU.ActiveCfg = Release|Any CPU
		{32629BC9-7F51-45D7-B756-379E626A5180}.Release NoWeb|Any CPU.Build.0 = Release|Any CPU
		{32629BC9-7F51-45D7-B756-379E626A5180}.Release|Any CPU.ActiveCfg = Release|Any CPU
		{32629BC9-7F51-45D7-B756-379E626A5180}.Release|Any CPU.Build.0 = Release|Any CPU
		{F659D845-36C0-4CB0-9F57-4D84C55A261F}.Debug NoWeb|Any CPU.ActiveCfg = Debug|Any CPU
		{F659D845-36C0-4CB0-9F57-4D84C55A261F}.Debug NoWeb|Any CPU.Build.0 = Debug|Any CPU
		{F659D845-36C0-4CB0-9F57-4D84C55A261F}.Debug|Any CPU.ActiveCfg = Debug|Any CPU
		{F659D845-36C0-4CB0-9F57-4D84C55A261F}.Debug|Any CPU.Build.0 = Debug|Any CPU
		{F659D845-36C0-4CB0-9F57-4D84C55A261F}.Release NoWeb|Any CPU.ActiveCfg = Release|Any CPU
		{F659D845-36C0-4CB0-9F57-4D84C55A261F}.Release NoWeb|Any CPU.Build.0 = Release|Any CPU
		{F659D845-36C0-4CB0-9F57-4D84C55A261F}.Release|Any CPU.ActiveCfg = Release|Any CPU
		{F659D845-36C0-4CB0-9F57-4D84C55A261F}.Release|Any CPU.Build.0 = Release|Any CPU
		{CF1B6833-04FA-4C3E-BBC1-B131AD48B17D}.Debug NoWeb|Any CPU.ActiveCfg = Debug|Any CPU
		{CF1B6833-04FA-4C3E-BBC1-B131AD48B17D}.Debug|Any CPU.ActiveCfg = Debug|Any CPU
		{CF1B6833-04FA-4C3E-BBC1-B131AD48B17D}.Debug|Any CPU.Build.0 = Debug|Any CPU
		{CF1B6833-04FA-4C3E-BBC1-B131AD48B17D}.Release NoWeb|Any CPU.ActiveCfg = Release|Any CPU
		{CF1B6833-04FA-4C3E-BBC1-B131AD48B17D}.Release|Any CPU.ActiveCfg = Release|Any CPU
		{CF1B6833-04FA-4C3E-BBC1-B131AD48B17D}.Release|Any CPU.Build.0 = Release|Any CPU
	EndGlobalSection
	GlobalSection(SolutionProperties) = preSolution
		HideSolutionNode = FALSE
	EndGlobalSection
EndGlobal
